
Microsoft Visual Studio Solution File, Format Version 12.00
# Visual Studio Version 17
VisualStudioVersion = 17.6.33815.320
MinimumVisualStudioVersion = 10.0.40219.1
Project("{FAE04EC0-301F-11D3-BF4B-00C04F79EFBC}") = "HomeworkNVT", "HomeworkNVT\HomeworkNVT.csproj", "{0A7B4B78-A73E-4185-AFD6-6B805A82BEAC}"
EndProject
Global
	GlobalSection(SolutionConfigurationPlatforms) = preSolution
		Debug|Any CPU = Debug|Any CPU
		Release|Any CPU = Release|Any CPU
	EndGlobalSection
	GlobalSection(ProjectConfigurationPlatforms) = postSolution
		{0A7B4B78-A73E-4185-AFD6-6B805A82BEAC}.Debug|Any CPU.ActiveCfg = Debug|Any CPU
		{0A7B4B78-A73E-4185-AFD6-6B805A82BEAC}.Debug|Any CPU.Build.0 = Debug|Any CPU
		{0A7B4B78-A73E-4185-AFD6-6B805A82BEAC}.Release|Any CPU.ActiveCfg = Release|Any CPU
		{0A7B4B78-A73E-4185-AFD6-6B805A82BEAC}.Release|Any CPU.Build.0 = Release|Any CPU
	EndGlobalSection
	GlobalSection(SolutionProperties) = preSolution
		HideSolutionNode = FALSE
	EndGlobalSection
	GlobalSection(ExtensibilityGlobals) = postSolution
		SolutionGuid = {25AFF07A-B3F2-4AEB-A1FD-A747432B6CEB}
	EndGlobalSection
EndGlobal
